
Microsoft Visual Studio Solution File, Format Version 12.00
# Visual Studio Version 17
VisualStudioVersion = 17.14.36408.4 d17.14
MinimumVisualStudioVersion = 10.0.40219.1
Project("{FAE04EC0-301F-11D3-BF4B-00C04F79EFBC}") = "EmployeeRegister", "EmployeeRegister\EmployeeRegister.csproj", "{344C5466-F8F7-40B3-B191-A307C06C7E1E}"
EndProject
Global
	GlobalSection(SolutionConfigurationPlatforms) = preSolution
		Debug|Any CPU = Debug|Any CPU
		Release|Any CPU = Release|Any CPU
	EndGlobalSection
	GlobalSection(ProjectConfigurationPlatforms) = postSolution
		{344C5466-F8F7-40B3-B191-A307C06C7E1E}.Debug|Any CPU.ActiveCfg = Debug|Any CPU
		{344C5466-F8F7-40B3-B191-A307C06C7E1E}.Debug|Any CPU.Build.0 = Debug|Any CPU
		{344C5466-F8F7-40B3-B191-A307C06C7E1E}.Release|Any CPU.ActiveCfg = Release|Any CPU
		{344C5466-F8F7-40B3-B191-A307C06C7E1E}.Release|Any CPU.Build.0 = Release|Any CPU
	EndGlobalSection
	GlobalSection(SolutionProperties) = preSolution
		HideSolutionNode = FALSE
	EndGlobalSection
	GlobalSection(ExtensibilityGlobals) = postSolution
		SolutionGuid = {9BED661E-8BA9-480C-BBD6-68849566716B}
	EndGlobalSection
EndGlobal
