
Microsoft Visual Studio Solution File, Format Version 12.00
# Visual Studio Version 17
VisualStudioVersion = 17.14.36408.4 d17.14
MinimumVisualStudioVersion = 10.0.40219.1
Project("{FAE04EC0-301F-11D3-BF4B-00C04F79EFBC}") = "PaymentSystem", "PaymentSystem\PaymentSystem.csproj", "{AD14F2DB-CE72-46DF-88A4-51247F9DAC34}"
EndProject
Global
	GlobalSection(SolutionConfigurationPlatforms) = preSolution
		Debug|Any CPU = Debug|Any CPU
		Release|Any CPU = Release|Any CPU
	EndGlobalSection
	GlobalSection(ProjectConfigurationPlatforms) = postSolution
		{AD14F2DB-CE72-46DF-88A4-51247F9DAC34}.Debug|Any CPU.ActiveCfg = Debug|Any CPU
		{AD14F2DB-CE72-46DF-88A4-51247F9DAC34}.Debug|Any CPU.Build.0 = Debug|Any CPU
		{AD14F2DB-CE72-46DF-88A4-51247F9DAC34}.Release|Any CPU.ActiveCfg = Release|Any CPU
		{AD14F2DB-CE72-46DF-88A4-51247F9DAC34}.Release|Any CPU.Build.0 = Release|Any CPU
	EndGlobalSection
	GlobalSection(SolutionProperties) = preSolution
		HideSolutionNode = FALSE
	EndGlobalSection
	GlobalSection(ExtensibilityGlobals) = postSolution
		SolutionGuid = {F6A194FD-CB43-4FE6-B60E-32EDFEE521B6}
	EndGlobalSection
EndGlobal
